
Microsoft Visual Studio Solution File, Format Version 12.00
# Visual Studio Version 16
VisualStudioVersion = 16.0.32602.291
MinimumVisualStudioVersion = 10.0.40219.1
Project("{FAE04EC0-301F-11D3-BF4B-00C04F79EFBC}") = "babuleh", "babuleh\babuleh.csproj", "{FC8146CE-D86C-415D-9F4F-E21B6A80BAB4}"
EndProject
Global
	GlobalSection(SolutionConfigurationPlatforms) = preSolution
		Debug|Any CPU = Debug|Any CPU
		Release|Any CPU = Release|Any CPU
	EndGlobalSection
	GlobalSection(ProjectConfigurationPlatforms) = postSolution
		{FC8146CE-D86C-415D-9F4F-E21B6A80BAB4}.Debug|Any CPU.ActiveCfg = Debug|Any CPU
		{FC8146CE-D86C-415D-9F4F-E21B6A80BAB4}.Debug|Any CPU.Build.0 = Debug|Any CPU
		{FC8146CE-D86C-415D-9F4F-E21B6A80BAB4}.Release|Any CPU.ActiveCfg = Release|Any CPU
		{FC8146CE-D86C-415D-9F4F-E21B6A80BAB4}.Release|Any CPU.Build.0 = Release|Any CPU
	EndGlobalSection
	GlobalSection(SolutionProperties) = preSolution
		HideSolutionNode = FALSE
	EndGlobalSection
	GlobalSection(ExtensibilityGlobals) = postSolution
		SolutionGuid = {5F5D8586-78B0-4A92-8985-B67CD82B5683}
	EndGlobalSection
EndGlobal
